<?xml version="1.0" encoding="utf-8"?>
<!-- Copyright (c) 2015-2019 LunarG, Inc. -->
<Project ToolsVersion="4.0" xmlns="http://schemas.microsoft.com/developer/msbuild/2003">
  <ItemGroup>
    <Filter Include="Source Files">
      <UniqueIdentifier>{4FC737F1-C7A5-4376-A066-2A32D752A2FF}</UniqueIdentifier>
      <Extensions>cpp;c;cc;cxx;def;odl;idl;hpj;bat;asm;asmx</Extensions>
    </Filter>
    <Filter Include="Header Files">
      <UniqueIdentifier>{93995380-89BD-4b04-88EB-625FBE52EBFB}</UniqueIdentifier>
      <Extensions>h;hh;hpp;hxx;hm;inl;inc;xsd</Extensions>
    </Filter>
    <Filter Include="Resource Files">
      <UniqueIdentifier>{67DA6AB6-F800-4c08-8B7A-83BB121AAD01}</UniqueIdentifier>
      <Extensions>rc;ico;cur;bmp;dlg;rc2;rct;bin;rgs;gif;jpg;jpeg;jpe;resx;tiff;tif;png;wav;mfcribbon-ms</Extensions>
    </Filter>
  </ItemGroup>
  <ItemGroup>
    <ClCompile Include="src\application\application.c">
      <Filter>Source Files</Filter>
    </ClCompile>
    <ClCompile Include="src\backend\vulkan\backend.c">
      <Filter>Source Files</Filter>
    </ClCompile>
    <ClCompile Include="src\backend\vulkan\cleanup.c">
      <Filter>Source Files</Filter>
    </ClCompile>
    <ClCompile Include="src\backend\vulkan\init.c">
      <Filter>Source Files</Filter>
    </ClCompile>
    <ClCompile Include="src\backend\vulkan\pipelines.c">
      <Filter>Source Files</Filter>
    </ClCompile>
    <ClCompile Include="src\backend\vulkan\resize.c">
      <Filter>Source Files</Filter>
    </ClCompile>
    <ClCompile Include="src\backend\vulkan\run.c">
      <Filter>Source Files</Filter>
    </ClCompile>
    <ClCompile Include="src\backend\vulkan\sync.c">
      <Filter>Source Files</Filter>
    </ClCompile>
    <ClCompile Include="src\backend\vulkan\utils.c">
      <Filter>Source Files</Filter>
    </ClCompile>
    <ClCompile Include="src\ksai\ksai.c">
      <Filter>Source Files</Filter>
    </ClCompile>
    <ClCompile Include="src\ksai\ksai_memory.c">
      <Filter>Source Files</Filter>
    </ClCompile>
    <ClCompile Include="src\ksai\ksai_primitives.c">
      <Filter>Source Files</Filter>
    </ClCompile>
    <ClCompile Include="src\backend\ui\ui.c">
      <Filter>Source Files</Filter>
    </ClCompile>
    <ClCompile Include="src\backend\ui\font.c">
      <Filter>Source Files</Filter>
    </ClCompile>
    <ClCompile Include="src\application\frontend\app_ui_view.c">
      <Filter>Source Files</Filter>
    </ClCompile>
    <ClCompile Include="src\engine\objects\object.c">
      <Filter>Source Files</Filter>
    </ClCompile>
    <ClCompile Include="src\engine\renderer\checker.c">
      <Filter>Source Files</Filter>
    </ClCompile>
    <ClCompile Include="src\application\frontend\3d_viewport.c">
      <Filter>Source Files</Filter>
    </ClCompile>
    <ClCompile Include="src\engine\renderer\scene.c">
      <Filter>Source Files</Filter>
    </ClCompile>
    <ClCompile Include="src\application\loaders\obj_loader.c">
      <Filter>Source Files</Filter>
    </ClCompile>
    <ClCompile Include="src\backend\vulkan\advanced.c">
      <Filter>Source Files</Filter>
    </ClCompile>
    <ClCompile Include="src\backend\vulkan\offscreen.c">
      <Filter>Source Files</Filter>
    </ClCompile>
    <ClCompile Include="src\application\frontend\app_ui_control.c">
      <Filter>Source Files</Filter>
    </ClCompile>
    <ClCompile Include="src\engine\animation\anmation.c">
      <Filter>Source Files</Filter>
    </ClCompile>
    <ClCompile Include="src\application\frontend\PostProcessing.cpp">
      <Filter>Source Files</Filter>
    </ClCompile>
    <ClCompile Include="src\backend\vulkan\VulkanPipelines.cpp">
      <Filter>Source Files</Filter>
    </ClCompile>
    <ClCompile Include="src\vendor\stbi\stbi.c">
      <Filter>Source Files</Filter>
    </ClCompile>
  </ItemGroup>
  <ItemGroup>
    <ClInclude Include="src\backend\vulkan\backend.h">
      <Filter>Header Files</Filter>
    </ClInclude>
    <ClInclude Include="src\backend\vulkan\cleanup.h">
      <Filter>Header Files</Filter>
    </ClInclude>
    <ClInclude Include="src\backend\vulkan\init.h">
      <Filter>Header Files</Filter>
    </ClInclude>
    <ClInclude Include="src\backend\vulkan\pipelines.h">
      <Filter>Header Files</Filter>
    </ClInclude>
    <ClInclude Include="src\backend\vulkan\resize.h">
      <Filter>Header Files</Filter>
    </ClInclude>
    <ClInclude Include="src\backend\vulkan\sync.h">
      <Filter>Header Files</Filter>
    </ClInclude>
    <ClInclude Include="src\backend\vulkan\utils.h">
      <Filter>Header Files</Filter>
    </ClInclude>
    <ClInclude Include="src\ksai\ksai.h">
      <Filter>Header Files</Filter>
    </ClInclude>
    <ClInclude Include="src\ksai\ksai_debug.h">
      <Filter>Header Files</Filter>
    </ClInclude>
    <ClInclude Include="src\ksai\ksai_memory.h">
      <Filter>Header Files</Filter>
    </ClInclude>
    <ClInclude Include="src\ksai\ksai_primitives.h">
      <Filter>Header Files</Filter>
    </ClInclude>
    <ClInclude Include="src\backend\vulkan\run.h">
      <Filter>Header Files</Filter>
    </ClInclude>
    <ClInclude Include="src\engine\objects\object.h">
      <Filter>Header Files</Filter>
    </ClInclude>
    <ClInclude Include="src\backend\ui\font.h">
      <Filter>Header Files</Filter>
    </ClInclude>
    <ClInclude Include="src\backend\ui\ui.h">
      <Filter>Header Files</Filter>
    </ClInclude>
    <ClInclude Include="src\backend\ui\latex_colors.h">
      <Filter>Header Files</Filter>
    </ClInclude>
    <ClInclude Include="src\application\frontend\app_ui.h">
      <Filter>Header Files</Filter>
    </ClInclude>
    <ClInclude Include="src\engine\renderer\checker.h">
      <Filter>Header Files</Filter>
    </ClInclude>
    <ClInclude Include="src\engine\renderer\scene.h">
      <Filter>Header Files</Filter>
    </ClInclude>
    <ClInclude Include="src\application\frontend\3d_viewport.h">
      <Filter>Header Files</Filter>
    </ClInclude>
    <ClInclude Include="src\application\loaders\obj_loader.h">
      <Filter>Header Files</Filter>
    </ClInclude>
    <ClInclude Include="src\backend\vulkan\advanced.h">
      <Filter>Header Files</Filter>
    </ClInclude>
    <ClInclude Include="src\backend\vulkan\offscreen.h">
      <Filter>Header Files</Filter>
    </ClInclude>
    <ClInclude Include="src\engine\animation\animation.h">
      <Filter>Header Files</Filter>
    </ClInclude>
    <ClInclude Include="src\backend\vulkan\VulkanPipelines.hpp">
      <Filter>Header Files</Filter>
    </ClInclude>
    <ClInclude Include="src\vendor\cglm\call\clipspace\ortho_lh_no.h">
      <Filter>Header Files</Filter>
    </ClInclude>
    <ClInclude Include="src\vendor\cglm\call\clipspace\ortho_lh_zo.h">
      <Filter>Header Files</Filter>
    </ClInclude>
    <ClInclude Include="src\vendor\cglm\call\clipspace\ortho_rh_no.h">
      <Filter>Header Files</Filter>
    </ClInclude>
    <ClInclude Include="src\vendor\cglm\call\clipspace\ortho_rh_zo.h">
      <Filter>Header Files</Filter>
    </ClInclude>
    <ClInclude Include="src\vendor\cglm\call\clipspace\persp_lh_no.h">
      <Filter>Header Files</Filter>
    </ClInclude>
    <ClInclude Include="src\vendor\cglm\call\clipspace\persp_lh_zo.h">
      <Filter>Header Files</Filter>
    </ClInclude>
    <ClInclude Include="src\vendor\cglm\call\clipspace\persp_rh_no.h">
      <Filter>Header Files</Filter>
    </ClInclude>
    <ClInclude Include="src\vendor\cglm\call\clipspace\persp_rh_zo.h">
      <Filter>Header Files</Filter>
    </ClInclude>
    <ClInclude Include="src\vendor\cglm\call\clipspace\project_no.h">
      <Filter>Header Files</Filter>
    </ClInclude>
    <ClInclude Include="src\vendor\cglm\call\clipspace\project_zo.h">
      <Filter>Header Files</Filter>
    </ClInclude>
    <ClInclude Include="src\vendor\cglm\call\clipspace\view_lh_no.h">
      <Filter>Header Files</Filter>
    </ClInclude>
    <ClInclude Include="src\vendor\cglm\call\clipspace\view_lh_zo.h">
      <Filter>Header Files</Filter>
    </ClInclude>
    <ClInclude Include="src\vendor\cglm\call\clipspace\view_rh_no.h">
      <Filter>Header Files</Filter>
    </ClInclude>
    <ClInclude Include="src\vendor\cglm\call\clipspace\view_rh_zo.h">
      <Filter>Header Files</Filter>
    </ClInclude>
    <ClInclude Include="src\vendor\cglm\call\affine.h">
      <Filter>Header Files</Filter>
    </ClInclude>
    <ClInclude Include="src\vendor\cglm\call\affine2d.h">
      <Filter>Header Files</Filter>
    </ClInclude>
    <ClInclude Include="src\vendor\cglm\call\bezier.h">
      <Filter>Header Files</Filter>
    </ClInclude>
    <ClInclude Include="src\vendor\cglm\call\box.h">
      <Filter>Header Files</Filter>
    </ClInclude>
    <ClInclude Include="src\vendor\cglm\call\cam.h">
      <Filter>Header Files</Filter>
    </ClInclude>
    <ClInclude Include="src\vendor\cglm\call\curve.h">
      <Filter>Header Files</Filter>
    </ClInclude>
    <ClInclude Include="src\vendor\cglm\call\ease.h">
      <Filter>Header Files</Filter>
    </ClInclude>
    <ClInclude Include="src\vendor\cglm\call\euler.h">
      <Filter>Header Files</Filter>
    </ClInclude>
    <ClInclude Include="src\vendor\cglm\call\frustum.h">
      <Filter>Header Files</Filter>
    </ClInclude>
    <ClInclude Include="src\vendor\cglm\call\io.h">
      <Filter>Header Files</Filter>
    </ClInclude>
    <ClInclude Include="src\vendor\cglm\call\ivec2.h">
      <Filter>Header Files</Filter>
    </ClInclude>
    <ClInclude Include="src\vendor\cglm\call\ivec3.h">
      <Filter>Header Files</Filter>
    </ClInclude>
    <ClInclude Include="src\vendor\cglm\call\ivec4.h">
      <Filter>Header Files</Filter>
    </ClInclude>
    <ClInclude Include="src\vendor\cglm\call\mat2.h">
      <Filter>Header Files</Filter>
    </ClInclude>
    <ClInclude Include="src\vendor\cglm\call\mat3.h">
      <Filter>Header Files</Filter>
    </ClInclude>
    <ClInclude Include="src\vendor\cglm\call\mat4.h">
      <Filter>Header Files</Filter>
    </ClInclude>
    <ClInclude Include="src\vendor\cglm\call\plane.h">
      <Filter>Header Files</Filter>
    </ClInclude>
    <ClInclude Include="src\vendor\cglm\call\project.h">
      <Filter>Header Files</Filter>
    </ClInclude>
    <ClInclude Include="src\vendor\cglm\call\quat.h">
      <Filter>Header Files</Filter>
    </ClInclude>
    <ClInclude Include="src\vendor\cglm\call\ray.h">
      <Filter>Header Files</Filter>
    </ClInclude>
    <ClInclude Include="src\vendor\cglm\call\sphere.h">
      <Filter>Header Files</Filter>
    </ClInclude>
    <ClInclude Include="src\vendor\cglm\call\vec2.h">
      <Filter>Header Files</Filter>
    </ClInclude>
    <ClInclude Include="src\vendor\cglm\call\vec3.h">
      <Filter>Header Files</Filter>
    </ClInclude>
    <ClInclude Include="src\vendor\cglm\call\vec4.h">
      <Filter>Header Files</Filter>
    </ClInclude>
    <ClInclude Include="src\vendor\cglm\clipspace\ortho_lh_no.h">
      <Filter>Header Files</Filter>
    </ClInclude>
    <ClInclude Include="src\vendor\cglm\clipspace\ortho_lh_zo.h">
      <Filter>Header Files</Filter>
    </ClInclude>
    <ClInclude Include="src\vendor\cglm\clipspace\ortho_rh_no.h">
      <Filter>Header Files</Filter>
    </ClInclude>
    <ClInclude Include="src\vendor\cglm\clipspace\ortho_rh_zo.h">
      <Filter>Header Files</Filter>
    </ClInclude>
    <ClInclude Include="src\vendor\cglm\clipspace\persp.h">
      <Filter>Header Files</Filter>
    </ClInclude>
    <ClInclude Include="src\vendor\cglm\clipspace\persp_lh_no.h">
      <Filter>Header Files</Filter>
    </ClInclude>
    <ClInclude Include="src\vendor\cglm\clipspace\persp_lh_zo.h">
      <Filter>Header Files</Filter>
    </ClInclude>
    <ClInclude Include="src\vendor\cglm\clipspace\persp_rh_no.h">
      <Filter>Header Files</Filter>
    </ClInclude>
    <ClInclude Include="src\vendor\cglm\clipspace\persp_rh_zo.h">
      <Filter>Header Files</Filter>
    </ClInclude>
    <ClInclude Include="src\vendor\cglm\clipspace\project_no.h">
      <Filter>Header Files</Filter>
    </ClInclude>
    <ClInclude Include="src\vendor\cglm\clipspace\project_zo.h">
      <Filter>Header Files</Filter>
    </ClInclude>
    <ClInclude Include="src\vendor\cglm\clipspace\view_lh.h">
      <Filter>Header Files</Filter>
    </ClInclude>
    <ClInclude Include="src\vendor\cglm\clipspace\view_lh_no.h">
      <Filter>Header Files</Filter>
    </ClInclude>
    <ClInclude Include="src\vendor\cglm\clipspace\view_lh_zo.h">
      <Filter>Header Files</Filter>
    </ClInclude>
    <ClInclude Include="src\vendor\cglm\clipspace\view_rh.h">
      <Filter>Header Files</Filter>
    </ClInclude>
    <ClInclude Include="src\vendor\cglm\clipspace\view_rh_no.h">
      <Filter>Header Files</Filter>
    </ClInclude>
    <ClInclude Include="src\vendor\cglm\clipspace\view_rh_zo.h">
      <Filter>Header Files</Filter>
    </ClInclude>
    <ClInclude Include="src\vendor\cglm\simd\avx\affine.h">
      <Filter>Header Files</Filter>
    </ClInclude>
    <ClInclude Include="src\vendor\cglm\simd\avx\mat4.h">
      <Filter>Header Files</Filter>
    </ClInclude>
    <ClInclude Include="src\vendor\cglm\simd\neon\affine.h">
      <Filter>Header Files</Filter>
    </ClInclude>
    <ClInclude Include="src\vendor\cglm\simd\neon\mat2.h">
      <Filter>Header Files</Filter>
    </ClInclude>
    <ClInclude Include="src\vendor\cglm\simd\neon\mat4.h">
      <Filter>Header Files</Filter>
    </ClInclude>
    <ClInclude Include="src\vendor\cglm\simd\neon\quat.h">
      <Filter>Header Files</Filter>
    </ClInclude>
    <ClInclude Include="src\vendor\cglm\simd\sse2\affine.h">
      <Filter>Header Files</Filter>
    </ClInclude>
    <ClInclude Include="src\vendor\cglm\simd\sse2\mat2.h">
      <Filter>Header Files</Filter>
    </ClInclude>
    <ClInclude Include="src\vendor\cglm\simd\sse2\mat3.h">
      <Filter>Header Files</Filter>
    </ClInclude>
    <ClInclude Include="src\vendor\cglm\simd\sse2\mat4.h">
      <Filter>Header Files</Filter>
    </ClInclude>
    <ClInclude Include="src\vendor\cglm\simd\sse2\quat.h">
      <Filter>Header Files</Filter>
    </ClInclude>
    <ClInclude Include="src\vendor\cglm\simd\arm.h">
      <Filter>Header Files</Filter>
    </ClInclude>
    <ClInclude Include="src\vendor\cglm\simd\intrin.h">
      <Filter>Header Files</Filter>
    </ClInclude>
    <ClInclude Include="src\vendor\cglm\simd\x86.h">
      <Filter>Header Files</Filter>
    </ClInclude>
    <ClInclude Include="src\vendor\cglm\struct\clipspace\ortho_lh_no.h">
      <Filter>Header Files</Filter>
    </ClInclude>
    <ClInclude Include="src\vendor\cglm\struct\clipspace\ortho_lh_zo.h">
      <Filter>Header Files</Filter>
    </ClInclude>
    <ClInclude Include="src\vendor\cglm\struct\clipspace\ortho_rh_no.h">
      <Filter>Header Files</Filter>
    </ClInclude>
    <ClInclude Include="src\vendor\cglm\struct\clipspace\ortho_rh_zo.h">
      <Filter>Header Files</Filter>
    </ClInclude>
    <ClInclude Include="src\vendor\cglm\struct\clipspace\persp_lh_no.h">
      <Filter>Header Files</Filter>
    </ClInclude>
    <ClInclude Include="src\vendor\cglm\struct\clipspace\persp_lh_zo.h">
      <Filter>Header Files</Filter>
    </ClInclude>
    <ClInclude Include="src\vendor\cglm\struct\clipspace\persp_rh_no.h">
      <Filter>Header Files</Filter>
    </ClInclude>
    <ClInclude Include="src\vendor\cglm\struct\clipspace\persp_rh_zo.h">
      <Filter>Header Files</Filter>
    </ClInclude>
    <ClInclude Include="src\vendor\cglm\struct\clipspace\project_no.h">
      <Filter>Header Files</Filter>
    </ClInclude>
    <ClInclude Include="src\vendor\cglm\struct\clipspace\project_zo.h">
      <Filter>Header Files</Filter>
    </ClInclude>
    <ClInclude Include="src\vendor\cglm\struct\clipspace\view_lh_no.h">
      <Filter>Header Files</Filter>
    </ClInclude>
    <ClInclude Include="src\vendor\cglm\struct\clipspace\view_lh_zo.h">
      <Filter>Header Files</Filter>
    </ClInclude>
    <ClInclude Include="src\vendor\cglm\struct\clipspace\view_rh_no.h">
      <Filter>Header Files</Filter>
    </ClInclude>
    <ClInclude Include="src\vendor\cglm\struct\clipspace\view_rh_zo.h">
      <Filter>Header Files</Filter>
    </ClInclude>
    <ClInclude Include="src\vendor\cglm\struct\affine.h">
      <Filter>Header Files</Filter>
    </ClInclude>
    <ClInclude Include="src\vendor\cglm\struct\affine2d.h">
      <Filter>Header Files</Filter>
    </ClInclude>
    <ClInclude Include="src\vendor\cglm\struct\affine-post.h">
      <Filter>Header Files</Filter>
    </ClInclude>
    <ClInclude Include="src\vendor\cglm\struct\affine-pre.h">
      <Filter>Header Files</Filter>
    </ClInclude>
    <ClInclude Include="src\vendor\cglm\struct\box.h">
      <Filter>Header Files</Filter>
    </ClInclude>
    <ClInclude Include="src\vendor\cglm\struct\cam.h">
      <Filter>Header Files</Filter>
    </ClInclude>
    <ClInclude Include="src\vendor\cglm\struct\color.h">
      <Filter>Header Files</Filter>
    </ClInclude>
    <ClInclude Include="src\vendor\cglm\struct\curve.h">
      <Filter>Header Files</Filter>
    </ClInclude>
    <ClInclude Include="src\vendor\cglm\struct\euler.h">
      <Filter>Header Files</Filter>
    </ClInclude>
    <ClInclude Include="src\vendor\cglm\struct\frustum.h">
      <Filter>Header Files</Filter>
    </ClInclude>
    <ClInclude Include="src\vendor\cglm\struct\io.h">
      <Filter>Header Files</Filter>
    </ClInclude>
    <ClInclude Include="src\vendor\cglm\struct\mat2.h">
      <Filter>Header Files</Filter>
    </ClInclude>
    <ClInclude Include="src\vendor\cglm\struct\mat3.h">
      <Filter>Header Files</Filter>
    </ClInclude>
    <ClInclude Include="src\vendor\cglm\struct\mat4.h">
      <Filter>Header Files</Filter>
    </ClInclude>
    <ClInclude Include="src\vendor\cglm\struct\plane.h">
      <Filter>Header Files</Filter>
    </ClInclude>
    <ClInclude Include="src\vendor\cglm\struct\project.h">
      <Filter>Header Files</Filter>
    </ClInclude>
    <ClInclude Include="src\vendor\cglm\struct\quat.h">
      <Filter>Header Files</Filter>
    </ClInclude>
    <ClInclude Include="src\vendor\cglm\struct\sphere.h">
      <Filter>Header Files</Filter>
    </ClInclude>
    <ClInclude Include="src\vendor\cglm\struct\vec2.h">
      <Filter>Header Files</Filter>
    </ClInclude>
    <ClInclude Include="src\vendor\cglm\struct\vec2-ext.h">
      <Filter>Header Files</Filter>
    </ClInclude>
    <ClInclude Include="src\vendor\cglm\struct\vec3.h">
      <Filter>Header Files</Filter>
    </ClInclude>
    <ClInclude Include="src\vendor\cglm\struct\vec3-ext.h">
      <Filter>Header Files</Filter>
    </ClInclude>
    <ClInclude Include="src\vendor\cglm\struct\vec4.h">
      <Filter>Header Files</Filter>
    </ClInclude>
    <ClInclude Include="src\vendor\cglm\struct\vec4-ext.h">
      <Filter>Header Files</Filter>
    </ClInclude>
    <ClInclude Include="src\vendor\cglm\affine.h">
      <Filter>Header Files</Filter>
    </ClInclude>
    <ClInclude Include="src\vendor\cglm\affine2d.h">
      <Filter>Header Files</Filter>
    </ClInclude>
    <ClInclude Include="src\vendor\cglm\affine-mat.h">
      <Filter>Header Files</Filter>
    </ClInclude>
    <ClInclude Include="src\vendor\cglm\affine-post.h">
      <Filter>Header Files</Filter>
    </ClInclude>
    <ClInclude Include="src\vendor\cglm\affine-pre.h">
      <Filter>Header Files</Filter>
    </ClInclude>
    <ClInclude Include="src\vendor\cglm\applesimd.h">
      <Filter>Header Files</Filter>
    </ClInclude>
    <ClInclude Include="src\vendor\cglm\bezier.h">
      <Filter>Header Files</Filter>
    </ClInclude>
    <ClInclude Include="src\vendor\cglm\box.h">
      <Filter>Header Files</Filter>
    </ClInclude>
    <ClInclude Include="src\vendor\cglm\call.h">
      <Filter>Header Files</Filter>
    </ClInclude>
    <ClInclude Include="src\vendor\cglm\cam.h">
      <Filter>Header Files</Filter>
    </ClInclude>
    <ClInclude Include="src\vendor\cglm\cglm.h">
      <Filter>Header Files</Filter>
    </ClInclude>
    <ClInclude Include="src\vendor\cglm\color.h">
      <Filter>Header Files</Filter>
    </ClInclude>
    <ClInclude Include="src\vendor\cglm\common.h">
      <Filter>Header Files</Filter>
    </ClInclude>
    <ClInclude Include="src\vendor\cglm\curve.h">
      <Filter>Header Files</Filter>
    </ClInclude>
    <ClInclude Include="src\vendor\cglm\ease.h">
      <Filter>Header Files</Filter>
    </ClInclude>
    <ClInclude Include="src\vendor\cglm\euler.h">
      <Filter>Header Files</Filter>
    </ClInclude>
    <ClInclude Include="src\vendor\cglm\frustum.h">
      <Filter>Header Files</Filter>
    </ClInclude>
    <ClInclude Include="src\vendor\cglm\io.h">
      <Filter>Header Files</Filter>
    </ClInclude>
    <ClInclude Include="src\vendor\cglm\ivec2.h">
      <Filter>Header Files</Filter>
    </ClInclude>
    <ClInclude Include="src\vendor\cglm\ivec3.h">
      <Filter>Header Files</Filter>
    </ClInclude>
    <ClInclude Include="src\vendor\cglm\ivec4.h">
      <Filter>Header Files</Filter>
    </ClInclude>
    <ClInclude Include="src\vendor\cglm\mat2.h">
      <Filter>Header Files</Filter>
    </ClInclude>
    <ClInclude Include="src\vendor\cglm\mat3.h">
      <Filter>Header Files</Filter>
    </ClInclude>
    <ClInclude Include="src\vendor\cglm\mat4.h">
      <Filter>Header Files</Filter>
    </ClInclude>
    <ClInclude Include="src\vendor\cglm\plane.h">
      <Filter>Header Files</Filter>
    </ClInclude>
    <ClInclude Include="src\vendor\cglm\project.h">
      <Filter>Header Files</Filter>
    </ClInclude>
    <ClInclude Include="src\vendor\cglm\quat.h">
      <Filter>Header Files</Filter>
    </ClInclude>
    <ClInclude Include="src\vendor\cglm\ray.h">
      <Filter>Header Files</Filter>
    </ClInclude>
    <ClInclude Include="src\vendor\cglm\sphere.h">
      <Filter>Header Files</Filter>
    </ClInclude>
    <ClInclude Include="src\vendor\cglm\struct.h">
      <Filter>Header Files</Filter>
    </ClInclude>
    <ClInclude Include="src\vendor\cglm\types.h">
      <Filter>Header Files</Filter>
    </ClInclude>
    <ClInclude Include="src\vendor\cglm\types-struct.h">
      <Filter>Header Files</Filter>
    </ClInclude>
    <ClInclude Include="src\vendor\cglm\util.h">
      <Filter>Header Files</Filter>
    </ClInclude>
    <ClInclude Include="src\vendor\cglm\vec2.h">
      <Filter>Header Files</Filter>
    </ClInclude>
    <ClInclude Include="src\vendor\cglm\vec2-ext.h">
      <Filter>Header Files</Filter>
    </ClInclude>
    <ClInclude Include="src\vendor\cglm\vec3.h">
      <Filter>Header Files</Filter>
    </ClInclude>
    <ClInclude Include="src\vendor\cglm\vec3-ext.h">
      <Filter>Header Files</Filter>
    </ClInclude>
    <ClInclude Include="src\vendor\cglm\vec4.h">
      <Filter>Header Files</Filter>
    </ClInclude>
    <ClInclude Include="src\vendor\cglm\vec4-ext.h">
      <Filter>Header Files</Filter>
    </ClInclude>
    <ClInclude Include="src\vendor\cglm\version.h">
      <Filter>Header Files</Filter>
    </ClInclude>
    <ClInclude Include="src\vendor\stbi\stb_image.h">
      <Filter>Header Files</Filter>
    </ClInclude>
    <ClInclude Include="src\vendor\stbi\stbi_image_write.h">
      <Filter>Header Files</Filter>
    </ClInclude>
    <ClInclude Include="src\application\frontend\PostProcessing.hpp">
      <Filter>Header Files</Filter>
    </ClInclude>
    <ClInclude Include="src\application\application.h">
      <Filter>Header Files</Filter>
    </ClInclude>
  </ItemGroup>
  <ItemGroup>
    <None Include="res\shaders\renderer\particles\cshader.glsl" />
  </ItemGroup>
</Project>